
Microsoft Visual Studio Solution File, Format Version 12.00
# Visual Studio Version 17
VisualStudioVersion = 17.5.33530.505
MinimumVisualStudioVersion = 10.0.40219.1
Project("{2150E333-8FDC-42A3-9474-1A3956D46DE8}") = "src", "src", "{763B5B9D-B0FA-4693-8B2C-86C5D6F3F49F}"
EndProject
Project("{2150E333-8FDC-42A3-9474-1A3956D46DE8}") = "Core", "Core", "{839EB9F9-EC4A-4503-AAA3-B93C6FB57083}"
EndProject
Project("{2150E333-8FDC-42A3-9474-1A3956D46DE8}") = "External", "External", "{FE2695FC-9427-40F2-AA46-FE548218C752}"
EndProject
Project("{9A19103F-16F7-4668-BE54-9A1E7A4F7556}") = "Domain", "src\Core\Domain\Domain.csproj", "{20A1F1DB-486D-47DE-98BD-0027B64D1293}"
EndProject
Project("{9A19103F-16F7-4668-BE54-9A1E7A4F7556}") = "Application", "src\Core\Application\Application.csproj", "{D4637E0B-14B8-46E2-838E-24C82E90B28F}"
EndProject
Project("{9A19103F-16F7-4668-BE54-9A1E7A4F7556}") = "Infrastructure", "src\External\Infrastructure\Infrastructure.csproj", "{00AC9DD2-6AD7-47D1-A895-7B12359E018D}"
EndProject
Project("{9A19103F-16F7-4668-BE54-9A1E7A4F7556}") = "Persistence", "src\External\Persistence\Persistence.csproj", "{2EE3C330-B50D-4C5B-AA4C-7A6779DBBD16}"
EndProject
Project("{2150E333-8FDC-42A3-9474-1A3956D46DE8}") = "UI", "UI", "{E2447346-35A2-4063-8FFE-6EF7B17598AE}"
EndProject
Project("{2150E333-8FDC-42A3-9474-1A3956D46DE8}") = "API", "API", "{0E158D07-0F5E-4811-9CFD-7EA959EFE963}"
EndProject
Project("{FAE04EC0-301F-11D3-BF4B-00C04F79EFBC}") = "API", "src\API\API\API.csproj", "{010D2A85-D891-4902-B9C6-F11A32E79734}"
EndProject
Global
	GlobalSection(SolutionConfigurationPlatforms) = preSolution
		Debug|Any CPU = Debug|Any CPU
		Release|Any CPU = Release|Any CPU
	EndGlobalSection
	GlobalSection(ProjectConfigurationPlatforms) = postSolution
		{20A1F1DB-486D-47DE-98BD-0027B64D1293}.Debug|Any CPU.ActiveCfg = Debug|Any CPU
		{20A1F1DB-486D-47DE-98BD-0027B64D1293}.Debug|Any CPU.Build.0 = Debug|Any CPU
		{20A1F1DB-486D-47DE-98BD-0027B64D1293}.Release|Any CPU.ActiveCfg = Release|Any CPU
		{20A1F1DB-486D-47DE-98BD-0027B64D1293}.Release|Any CPU.Build.0 = Release|Any CPU
		{D4637E0B-14B8-46E2-838E-24C82E90B28F}.Debug|Any CPU.ActiveCfg = Debug|Any CPU
		{D4637E0B-14B8-46E2-838E-24C82E90B28F}.Debug|Any CPU.Build.0 = Debug|Any CPU
		{D4637E0B-14B8-46E2-838E-24C82E90B28F}.Release|Any CPU.ActiveCfg = Release|Any CPU
		{D4637E0B-14B8-46E2-838E-24C82E90B28F}.Release|Any CPU.Build.0 = Release|Any CPU
		{00AC9DD2-6AD7-47D1-A895-7B12359E018D}.Debug|Any CPU.ActiveCfg = Debug|Any CPU
		{00AC9DD2-6AD7-47D1-A895-7B12359E018D}.Debug|Any CPU.Build.0 = Debug|Any CPU
		{00AC9DD2-6AD7-47D1-A895-7B12359E018D}.Release|Any CPU.ActiveCfg = Release|Any CPU
		{00AC9DD2-6AD7-47D1-A895-7B12359E018D}.Release|Any CPU.Build.0 = Release|Any CPU
		{2EE3C330-B50D-4C5B-AA4C-7A6779DBBD16}.Debug|Any CPU.ActiveCfg = Debug|Any CPU
		{2EE3C330-B50D-4C5B-AA4C-7A6779DBBD16}.Debug|Any CPU.Build.0 = Debug|Any CPU
		{2EE3C330-B50D-4C5B-AA4C-7A6779DBBD16}.Release|Any CPU.ActiveCfg = Release|Any CPU
		{2EE3C330-B50D-4C5B-AA4C-7A6779DBBD16}.Release|Any CPU.Build.0 = Release|Any CPU
		{010D2A85-D891-4902-B9C6-F11A32E79734}.Debug|Any CPU.ActiveCfg = Debug|Any CPU
		{010D2A85-D891-4902-B9C6-F11A32E79734}.Debug|Any CPU.Build.0 = Debug|Any CPU
		{010D2A85-D891-4902-B9C6-F11A32E79734}.Release|Any CPU.ActiveCfg = Release|Any CPU
		{010D2A85-D891-4902-B9C6-F11A32E79734}.Release|Any CPU.Build.0 = Release|Any CPU
	EndGlobalSection
	GlobalSection(SolutionProperties) = preSolution
		HideSolutionNode = FALSE
	EndGlobalSection
	GlobalSection(NestedProjects) = preSolution
		{839EB9F9-EC4A-4503-AAA3-B93C6FB57083} = {763B5B9D-B0FA-4693-8B2C-86C5D6F3F49F}
		{FE2695FC-9427-40F2-AA46-FE548218C752} = {763B5B9D-B0FA-4693-8B2C-86C5D6F3F49F}
		{20A1F1DB-486D-47DE-98BD-0027B64D1293} = {839EB9F9-EC4A-4503-AAA3-B93C6FB57083}
		{D4637E0B-14B8-46E2-838E-24C82E90B28F} = {839EB9F9-EC4A-4503-AAA3-B93C6FB57083}
		{00AC9DD2-6AD7-47D1-A895-7B12359E018D} = {FE2695FC-9427-40F2-AA46-FE548218C752}
		{2EE3C330-B50D-4C5B-AA4C-7A6779DBBD16} = {FE2695FC-9427-40F2-AA46-FE548218C752}
		{E2447346-35A2-4063-8FFE-6EF7B17598AE} = {763B5B9D-B0FA-4693-8B2C-86C5D6F3F49F}
		{0E158D07-0F5E-4811-9CFD-7EA959EFE963} = {763B5B9D-B0FA-4693-8B2C-86C5D6F3F49F}
		{010D2A85-D891-4902-B9C6-F11A32E79734} = {0E158D07-0F5E-4811-9CFD-7EA959EFE963}
	EndGlobalSection
	GlobalSection(ExtensibilityGlobals) = postSolution
		SolutionGuid = {3FC0EEEF-04BF-4F5A-889C-BB3C1A4EC7DE}
	EndGlobalSection
EndGlobal
